
Microsoft Visual Studio Solution File, Format Version 12.00
# Visual Studio Version 16
VisualStudioVersion = 16.0.31129.286
MinimumVisualStudioVersion = 10.0.40219.1
Project("{9A19103F-16F7-4668-BE54-9A1E7A4F7556}") = "TaskListApplication", "TaskListApplication\TaskListApplication.csproj", "{E9A64622-4D00-4EBF-AA15-32EACE17944C}"
EndProject
Project("{FAE04EC0-301F-11D3-BF4B-00C04F79EFBC}") = "Service", "Service\Service.csproj", "{C7F25A83-F839-4469-99D0-B7D8EDD9774F}"
EndProject
Global
	GlobalSection(SolutionConfigurationPlatforms) = preSolution
		Debug|Any CPU = Debug|Any CPU
		Release|Any CPU = Release|Any CPU
	EndGlobalSection
	GlobalSection(ProjectConfigurationPlatforms) = postSolution
		{E9A64622-4D00-4EBF-AA15-32EACE17944C}.Debug|Any CPU.ActiveCfg = Debug|Any CPU
		{E9A64622-4D00-4EBF-AA15-32EACE17944C}.Debug|Any CPU.Build.0 = Debug|Any CPU
		{E9A64622-4D00-4EBF-AA15-32EACE17944C}.Release|Any CPU.ActiveCfg = Release|Any CPU
		{E9A64622-4D00-4EBF-AA15-32EACE17944C}.Release|Any CPU.Build.0 = Release|Any CPU
		{C7F25A83-F839-4469-99D0-B7D8EDD9774F}.Debug|Any CPU.ActiveCfg = Debug|Any CPU
		{C7F25A83-F839-4469-99D0-B7D8EDD9774F}.Debug|Any CPU.Build.0 = Debug|Any CPU
		{C7F25A83-F839-4469-99D0-B7D8EDD9774F}.Release|Any CPU.ActiveCfg = Release|Any CPU
		{C7F25A83-F839-4469-99D0-B7D8EDD9774F}.Release|Any CPU.Build.0 = Release|Any CPU
	EndGlobalSection
	GlobalSection(SolutionProperties) = preSolution
		HideSolutionNode = FALSE
	EndGlobalSection
	GlobalSection(ExtensibilityGlobals) = postSolution
		SolutionGuid = {32E631C4-C585-4056-8938-D7858152A565}
	EndGlobalSection
EndGlobal
